PODS:
  - AFImageHelper (3.2.1)
  - JGProgressHUD (1.4)
  - MGSwipeTableCell (HEAD based on 1.5.6)
  - ObjectMapper (2.2.1)
  - SwiftForms (HEAD based on 1.7)

DEPENDENCIES:
  - AFImageHelper (~> 3.2)
  - JGProgressHUD
  - MGSwipeTableCell (HEAD)
  - ObjectMapper (~> 2.2)
  - SwiftForms (HEAD)

SPEC CHECKSUMS:
  AFImageHelper: 9142599fb4f826b480d177902ab7f0c961bc966c
  JGProgressHUD: 1617b0940cf80bb53e8f7d6f0fd69252ea45d6d4
  MGSwipeTableCell: 616700eb0ffd1c611ba909066cb7fd739790a0a7
  ObjectMapper: 41e43e1a89f8060ef5ea5d04ba852e269a621d68
  SwiftForms: 3f3dbaa79fe54eb1ccd0aca8d0cd1e38eb00537e

COCOAPODS: 0.39.0
