PODS:
  - Alamofire (4.0.1)
  - AlamofireImage (3.1.0):
    - Alamofire (~> 4.0)
  - JGProgressHUD (1.4)
  - MGSwipeTableCell (1.5.6)
  - ObjectMapper (2.2.1)
  - SwiftForms (1.7)

DEPENDENCIES:
  - AlamofireImage (~> 3.1)
  - JGProgressHUD (~> 1.4)
  - MGSwipeTableCell (~> 1.5)
  - ObjectMapper (~> 2.2)
  - SwiftForms (~> 1.7)

SPEC CHECKSUMS:
  Alamofire: 7682d43245de14874acd142ec137b144aa1dd335
  AlamofireImage: bb8c8351c51cb1633bb6be69b6dbbaff37ce65b7
  JGProgressHUD: 1617b0940cf80bb53e8f7d6f0fd69252ea45d6d4
  MGSwipeTableCell: 616700eb0ffd1c611ba909066cb7fd739790a0a7
  ObjectMapper: 41e43e1a89f8060ef5ea5d04ba852e269a621d68
  SwiftForms: 3f3dbaa79fe54eb1ccd0aca8d0cd1e38eb00537e

PODFILE CHECKSUM: f53b2e33bb4ea444a64b5a51dec2b76926243b85

COCOAPODS: 1.1.1
