// !$*UTF8*$!
{
	archiveVersion = 1;
	classes = {
	};
	objectVersion = 46;
	objects = {

/* Begin PBXBuildFile section */
		2D0A979C1ADBC4C8005312BA /* Strasse.swift in Sources */ = {isa = PBXBuildFile; fileRef = 2D0A979B1ADBC4C8005312BA /* Strasse.swift */; };
		2D0B7F651AB3451700E33A6C /* SingleTitledInfoCell.swift in Sources */ = {isa = PBXBuildFile; fileRef = 2D0B7F631AB3451700E33A6C /* SingleTitledInfoCell.swift */; };
		2D0B7F661AB3451700E33A6C /* SingleTitledInfoCell.xib in Resources */ = {isa = PBXBuildFile; fileRef = 2D0B7F641AB3451700E33A6C /* SingleTitledInfoCell.xib */; };
		2D0B7F691AB3454100E33A6C /* DoubleTitledInfoCell.swift in Sources */ = {isa = PBXBuildFile; fileRef = 2D0B7F671AB3454100E33A6C /* DoubleTitledInfoCell.swift */; };
		2D0B7F6A1AB3454100E33A6C /* DoubleTitledInfoCell.xib in Resources */ = {isa = PBXBuildFile; fileRef = 2D0B7F681AB3454100E33A6C /* DoubleTitledInfoCell.xib */; };
		2D0B7F6D1AB3456D00E33A6C /* MemoTitledInfoCell.swift in Sources */ = {isa = PBXBuildFile; fileRef = 2D0B7F6B1AB3456D00E33A6C /* MemoTitledInfoCell.swift */; };
		2D0B7F6E1AB3456D00E33A6C /* MemoTitledInfoCell.xib in Resources */ = {isa = PBXBuildFile; fileRef = 2D0B7F6C1AB3456D00E33A6C /* MemoTitledInfoCell.xib */; };
		2D1093D11DD9CB5700A7888B /* BelisImageFolderAndTools.swift in Sources */ = {isa = PBXBuildFile; fileRef = 2D1093D01DD9CB5700A7888B /* BelisImageFolderAndTools.swift */; };
		2D1ED1851B8344BD0004AAFA /* CidsOperations.swift in Sources */ = {isa = PBXBuildFile; fileRef = 2D1ED1841B8344BD0004AAFA /* CidsOperations.swift */; };
		2D1ED1871B8344C80004AAFA /* CidsSessionFactory.swift in Sources */ = {isa = PBXBuildFile; fileRef = 2D1ED1861B8344C80004AAFA /* CidsSessionFactory.swift */; };
		2D1ED18A1B8349CB0004AAFA /* client.cert.dev.p12 in Resources */ = {isa = PBXBuildFile; fileRef = 2D1ED1891B8349B70004AAFA /* client.cert.dev.p12 */; };
		2D1ED18B1B8349CF0004AAFA /* server.cert.dev.der in Resources */ = {isa = PBXBuildFile; fileRef = 2D1ED1881B8349AD0004AAFA /* server.cert.dev.der */; };
		2D2934271A84D4BF0034181F /* handle.png in Resources */ = {isa = PBXBuildFile; fileRef = 2D2934261A84D4BF0034181F /* handle.png */; };
		2D3B86001DD4BFAD0005BFE5 /* FirstOwnTest.swift in Sources */ = {isa = PBXBuildFile; fileRef = 2D3B85FF1DD4BFAD0005BFE5 /* FirstOwnTest.swift */; };
		2D3DC3561A8BA86E0035575A /* UIProtocols.swift in Sources */ = {isa = PBXBuildFile; fileRef = 2D3DC3551A8BA86E0035575A /* UIProtocols.swift */; };
		2D3DC35A1A94E2C60035575A /* DMSUrl.swift in Sources */ = {isa = PBXBuildFile; fileRef = 2D3DC3591A94E2C60035575A /* DMSUrl.swift */; };
		2D3DC35F1A94EBA50035575A /* Timestamp.swift in Sources */ = {isa = PBXBuildFile; fileRef = 2D3DC35E1A94EBA50035575A /* Timestamp.swift */; };
		2D3DC3611A94F65E0035575A /* SwiftTools.swift in Sources */ = {isa = PBXBuildFile; fileRef = 2D3DC3601A94F65E0035575A /* SwiftTools.swift */; };
		2D407C201AC2ECD40083013A /* DetailVC.swift in Sources */ = {isa = PBXBuildFile; fileRef = 2D407C1E1AC2ECD40083013A /* DetailVC.swift */; };
		2D407C211AC2ECD40083013A /* DetailVC.xib in Resources */ = {isa = PBXBuildFile; fileRef = 2D407C1F1AC2ECD40083013A /* DetailVC.xib */; };
		2D4322B01E00819B003EFDD1 /* PureDocumentContainer.swift in Sources */ = {isa = PBXBuildFile; fileRef = 2D4322AF1E00819B003EFDD1 /* PureDocumentContainer.swift */; };
		2D46EEEE1BF49185004E3D9E /* StandaloneGeom.swift in Sources */ = {isa = PBXBuildFile; fileRef = 2D46EEED1BF49185004E3D9E /* StandaloneGeom.swift */; };
		2D46EEF11BF4A75F004E3D9E /* MastActionForms.swift in Sources */ = {isa = PBXBuildFile; fileRef = 2D46EEF01BF4A75F004E3D9E /* MastActionForms.swift */; };
		2D46EEF31BF4A771004E3D9E /* LeuchteActionForms.swift in Sources */ = {isa = PBXBuildFile; fileRef = 2D46EEF21BF4A771004E3D9E /* LeuchteActionForms.swift */; };
		2D52D90D1C59072200BB3DED /* webhostinghub-glyphs.ttf in Resources */ = {isa = PBXBuildFile; fileRef = 2D52D90C1C59029700BB3DED /* webhostinghub-glyphs.ttf */; };
		2D5FB2D21A67C7320041020C /* belis_app.xcdatamodeld in Sources */ = {isa = PBXBuildFile; fileRef = 2D5FB2D01A67C7320041020C /* belis_app.xcdatamodeld */; };
		2D5FB2D91A67C7320041020C /* Images.xcassets in Resources */ = {isa = PBXBuildFile; fileRef = 2D5FB2D81A67C7320041020C /* Images.xcassets */; };
		2D5FB2E81A67C7320041020C /* belis_appTests.swift in Sources */ = {isa = PBXBuildFile; fileRef = 2D5FB2E71A67C7320041020C /* belis_appTests.swift */; };
		2D5FB2F21A67CA570041020C /* MapKit.framework in Frameworks */ = {isa = PBXBuildFile; fileRef = 2D5FB2F11A67CA570041020C /* MapKit.framework */; };
		2D5FB2F41A67CAA60041020C /* wupp.gpx in Resources */ = {isa = PBXBuildFile; fileRef = 2D5FB2F31A67CAA60041020C /* wupp.gpx */; };
		2D5FB2F91A67CB120041020C /* belisBack.png in Resources */ = {isa = PBXBuildFile; fileRef = 2D5FB2F51A67CB120041020C /* belisBack.png */; };
		2D5FB3091A67CC340041020C /* AppDelegate.swift in Sources */ = {isa = PBXBuildFile; fileRef = 2D5FB3011A67CC340041020C /* AppDelegate.swift */; };
		2D5FB30B1A67CC340041020C /* LaunchScreen.xib in Resources */ = {isa = PBXBuildFile; fileRef = 2D5FB3031A67CC340041020C /* LaunchScreen.xib */; };
		2D5FB30C1A67CC340041020C /* LoginViewController.swift in Sources */ = {isa = PBXBuildFile; fileRef = 2D5FB3041A67CC340041020C /* LoginViewController.swift */; };
		2D5FB30D1A67CC340041020C /* Main.storyboard in Resources */ = {isa = PBXBuildFile; fileRef = 2D5FB3051A67CC340041020C /* Main.storyboard */; };
		2D5FB30E1A67CC340041020C /* MainViewController.swift in Sources */ = {isa = PBXBuildFile; fileRef = 2D5FB3061A67CC340041020C /* MainViewController.swift */; };
		2D5FB30F1A67CC340041020C /* SelectionPopoverViewController.swift in Sources */ = {isa = PBXBuildFile; fileRef = 2D5FB3071A67CC340041020C /* SelectionPopoverViewController.swift */; };
		2D5FB3101A67CC340041020C /* TableViewCell.swift in Sources */ = {isa = PBXBuildFile; fileRef = 2D5FB3081A67CC340041020C /* TableViewCell.swift */; };
		2D5FB3121A67CC780041020C /* MyOverlays.swift in Sources */ = {isa = PBXBuildFile; fileRef = 2D5FB3111A67CC780041020C /* MyOverlays.swift */; };
		2D5FB3271A67CCA60041020C /* WKTGeometry.m in Sources */ = {isa = PBXBuildFile; fileRef = 2D5FB3141A67CCA60041020C /* WKTGeometry.m */; };
		2D5FB3281A67CCA60041020C /* WKTGeometryCollection.m in Sources */ = {isa = PBXBuildFile; fileRef = 2D5FB3161A67CCA60041020C /* WKTGeometryCollection.m */; };
		2D5FB3291A67CCA60041020C /* WKTLine.m in Sources */ = {isa = PBXBuildFile; fileRef = 2D5FB3181A67CCA60041020C /* WKTLine.m */; };
		2D5FB32A1A67CCA60041020C /* WKTLineM.m in Sources */ = {isa = PBXBuildFile; fileRef = 2D5FB31A1A67CCA60041020C /* WKTLineM.m */; };
		2D5FB32B1A67CCA60041020C /* WKTParser.m in Sources */ = {isa = PBXBuildFile; fileRef = 2D5FB31C1A67CCA60041020C /* WKTParser.m */; };
		2D5FB32C1A67CCA60041020C /* WKTPoint.m in Sources */ = {isa = PBXBuildFile; fileRef = 2D5FB31E1A67CCA60041020C /* WKTPoint.m */; };
		2D5FB32D1A67CCA60041020C /* WKTPointM.m in Sources */ = {isa = PBXBuildFile; fileRef = 2D5FB3201A67CCA60041020C /* WKTPointM.m */; };
		2D5FB32E1A67CCA60041020C /* WKTPolygon.m in Sources */ = {isa = PBXBuildFile; fileRef = 2D5FB3221A67CCA60041020C /* WKTPolygon.m */; };
		2D5FB32F1A67CCA60041020C /* WKTPolygonM.m in Sources */ = {isa = PBXBuildFile; fileRef = 2D5FB3241A67CCA60041020C /* WKTPolygonM.m */; };
		2D5FB3301A67CCA60041020C /* WKTString.m in Sources */ = {isa = PBXBuildFile; fileRef = 2D5FB3261A67CCA60041020C /* WKTString.m */; };
		2D5FB33C1A67CCEB0041020C /* Abzweigdose.swift in Sources */ = {isa = PBXBuildFile; fileRef = 2D5FB3311A67CCEB0041020C /* Abzweigdose.swift */; };
		2D5FB33D1A67CCEB0041020C /* Arbeitsauftrag.swift in Sources */ = {isa = PBXBuildFile; fileRef = 2D5FB3321A67CCEB0041020C /* Arbeitsauftrag.swift */; };
		2D5FB33E1A67CCEB0041020C /* Arbeitsprotokoll.swift in Sources */ = {isa = PBXBuildFile; fileRef = 2D5FB3331A67CCEB0041020C /* Arbeitsprotokoll.swift */; };
		2D5FB33F1A67CCEB0041020C /* BaseEntity.swift in Sources */ = {isa = PBXBuildFile; fileRef = 2D5FB3341A67CCEB0041020C /* BaseEntity.swift */; };
		2D5FB3401A67CCEB0041020C /* GeoBaseEntity.swift in Sources */ = {isa = PBXBuildFile; fileRef = 2D5FB3351A67CCEB0041020C /* GeoBaseEntity.swift */; };
		2D5FB3411A67CCEB0041020C /* Leitung.swift in Sources */ = {isa = PBXBuildFile; fileRef = 2D5FB3361A67CCEB0041020C /* Leitung.swift */; };
		2D5FB3421A67CCEB0041020C /* Leuchte.swift in Sources */ = {isa = PBXBuildFile; fileRef = 2D5FB3371A67CCEB0041020C /* Leuchte.swift */; };
		2D5FB3431A67CCEB0041020C /* Mauerlasche.swift in Sources */ = {isa = PBXBuildFile; fileRef = 2D5FB3381A67CCEB0041020C /* Mauerlasche.swift */; };
		2D5FB3441A67CCEB0041020C /* Schaltstelle.swift in Sources */ = {isa = PBXBuildFile; fileRef = 2D5FB3391A67CCEB0041020C /* Schaltstelle.swift */; };
		2D5FB3451A67CCEB0041020C /* Standort.swift in Sources */ = {isa = PBXBuildFile; fileRef = 2D5FB33A1A67CCEB0041020C /* Standort.swift */; };
		2D5FB3461A67CCEB0041020C /* Veranlassung.swift in Sources */ = {isa = PBXBuildFile; fileRef = 2D5FB33B1A67CCEB0041020C /* Veranlassung.swift */; };
		2D65AABC1AB09B8E00621A0A /* cismetSignet2k.png in Resources */ = {isa = PBXBuildFile; fileRef = 2D65AABB1AB09B8E00621A0A /* cismetSignet2k.png */; };
		2D6867501B02397900B0C2EE /* BaseEntityAction.swift in Sources */ = {isa = PBXBuildFile; fileRef = 2D68674F1B02397900B0C2EE /* BaseEntityAction.swift */; };
		2D7B8B3B1DE5F40800B4346A /* AddIncidentAction.swift in Sources */ = {isa = PBXBuildFile; fileRef = 2D7B8B3A1DE5F40800B4346A /* AddIncidentAction.swift */; };
		2D81C2A51AA84B710051876C /* Secrets.swift in Sources */ = {isa = PBXBuildFile; fileRef = 2D81C2A41AA84B710051876C /* Secrets.swift */; };
		2D82A5CB1BFC7FF8000B29A7 /* ObjectAction.swift in Sources */ = {isa = PBXBuildFile; fileRef = 2D82A5CA1BFC7FF8000B29A7 /* ObjectAction.swift */; };
		2D82A5CD1BFCB61B000B29A7 /* GenericFormViewController.swift in Sources */ = {isa = PBXBuildFile; fileRef = 2D82A5CC1BFCB61B000B29A7 /* GenericFormViewController.swift */; };
		2D82A5CF1BFCB92F000B29A7 /* OtherActionForms.swift in Sources */ = {isa = PBXBuildFile; fileRef = 2D82A5CE1BFCB92F000B29A7 /* OtherActionForms.swift */; };
		2D939DDB1A6905D500FB2AFB /* CidsConnector.swift in Sources */ = {isa = PBXBuildFile; fileRef = 2D939DDA1A6905D500FB2AFB /* CidsConnector.swift */; };
		2D939DEF1A690A6300FB2AFB /* CidsUtilityClasses.swift in Sources */ = {isa = PBXBuildFile; fileRef = 2D939DEE1A690A6300FB2AFB /* CidsUtilityClasses.swift */; };
		2D9952231AA5FFC600B5E02E /* DokumentPreviewVC.swift in Sources */ = {isa = PBXBuildFile; fileRef = 2D9952211AA5FFC600B5E02E /* DokumentPreviewVC.swift */; };
		2D9952241AA5FFC600B5E02E /* DokumentPreviewVC.xib in Resources */ = {isa = PBXBuildFile; fileRef = 2D9952221AA5FFC600B5E02E /* DokumentPreviewVC.xib */; };
		2D9CAD611B94A05A00A3EB07 /* CidsConnectionSettingsViewController.swift in Sources */ = {isa = PBXBuildFile; fileRef = 2D9CAD601B94A05A00A3EB07 /* CidsConnectionSettingsViewController.swift */; };
		2D9D3B1A1A9F777D0049F46F /* QuickLook.framework in Frameworks */ = {isa = PBXBuildFile; fileRef = 2D9D3B191A9F777D0049F46F /* QuickLook.framework */; };
		2D9D3B1C1A9F77B50049F46F /* UIKit.framework in Frameworks */ = {isa = PBXBuildFile; fileRef = 2D9D3B1B1A9F77B50049F46F /* UIKit.framework */; };
		2DB10EE91B299CA200B78852 /* FotoActions.swift in Sources */ = {isa = PBXBuildFile; fileRef = 2DB10EE81B299CA200B78852 /* FotoActions.swift */; };
		2DB6E8C21A9CA4DB00D4EA4E /* Glyphs.swift in Sources */ = {isa = PBXBuildFile; fileRef = 2DB6E8C11A9CA4DB00D4EA4E /* Glyphs.swift */; };
		2DB6E8C31A9CA4DB00D4EA4E /* Glyphs.swift in Sources */ = {isa = PBXBuildFile; fileRef = 2DB6E8C11A9CA4DB00D4EA4E /* Glyphs.swift */; };
		2DB8E80E1AC3058F000340FE /* SimpleUrlPreviewInfoCell.swift in Sources */ = {isa = PBXBuildFile; fileRef = 2DB8E80D1AC3058F000340FE /* SimpleUrlPreviewInfoCell.swift */; };
		2DDF34FB1BDE1F5D00C3047D /* AdditionalFunctionalityPopoverViewController.swift in Sources */ = {isa = PBXBuildFile; fileRef = 2DDF34FA1BDE1F5D00C3047D /* AdditionalFunctionalityPopoverViewController.swift */; };
		2DE8B1A41B25C3EA00FCEBA7 /* testbild.png in Resources */ = {isa = PBXBuildFile; fileRef = 2DE8B1A31B25C3EA00FCEBA7 /* testbild.png */; };
		2DEDB58B1AFCCDC9004ADC92 /* schaltstelle.png in Resources */ = {isa = PBXBuildFile; fileRef = 2DEDB58A1AFCCDC9004ADC92 /* schaltstelle.png */; };
		2DF2C7DD1AB6E2FE00F3A2FC /* SimpleInfoCell.swift in Sources */ = {isa = PBXBuildFile; fileRef = 2DF2C7DC1AB6E2FE00F3A2FC /* SimpleInfoCell.swift */; };
		2DF6A9BC1A82541900E20FBF /* MappingStuff.swift in Sources */ = {isa = PBXBuildFile; fileRef = 2DF6A9BB1A82541900E20FBF /* MappingStuff.swift */; };
		E55CF5C561695CA44020AB5B /* Pods_belis_appTests.framework in Frameworks */ = {isa = PBXBuildFile; fileRef = DE5093CB7B6BB15E51A21655 /* Pods_belis_appTests.framework */; };
		F78F4647B034220D7EFDA0DA /* Pods_belis_app.framework in Frameworks */ = {isa = PBXBuildFile; fileRef = 5C20008736A2BD71BCFDBC88 /* Pods_belis_app.framework */; };
/* End PBXBuildFile section */

/* Begin PBXContainerItemProxy section */
		2D5FB2E21A67C7320041020C /* PBXContainerItemProxy */ = {
			isa = PBXContainerItemProxy;
			containerPortal = 2D5FB2C11A67C7320041020C /* Project object */;
			proxyType = 1;
			remoteGlobalIDString = 2D5FB2C81A67C7320041020C;
			remoteInfo = "belis-app";
		};
/* End PBXContainerItemProxy section */

/* Begin PBXFileReference section */
		2B1FF2F33D483D6A8568016C /* Pods-belis-app.release.xcconfig */ = {isa = PBXFileReference; includeInIndex = 1; lastKnownFileType = text.xcconfig; name = "Pods-belis-app.release.xcconfig"; path = "Pods/Target Support Files/Pods-belis-app/Pods-belis-app.release.xcconfig"; sourceTree = "<group>"; };
		2D0A979B1ADBC4C8005312BA /* Strasse.swift */ = {isa = PBXFileReference; fileEncoding = 4; lastKnownFileType = sourcecode.swift; path = Strasse.swift; sourceTree = "<group>"; };
		2D0B7F631AB3451700E33A6C /* SingleTitledInfoCell.swift */ = {isa = PBXFileReference; fileEncoding = 4; lastKnownFileType = sourcecode.swift; name = SingleTitledInfoCell.swift; path = "table-cell-guis/SingleTitledInfoCell.swift"; sourceTree = "<group>"; };
		2D0B7F641AB3451700E33A6C /* SingleTitledInfoCell.xib */ = {isa = PBXFileReference; fileEncoding = 4; lastKnownFileType = file.xib; name = SingleTitledInfoCell.xib; path = "table-cell-guis/SingleTitledInfoCell.xib"; sourceTree = "<group>"; };
		2D0B7F671AB3454100E33A6C /* DoubleTitledInfoCell.swift */ = {isa = PBXFileReference; fileEncoding = 4; lastKnownFileType = sourcecode.swift; name = DoubleTitledInfoCell.swift; path = "table-cell-guis/DoubleTitledInfoCell.swift"; sourceTree = "<group>"; };
		2D0B7F681AB3454100E33A6C /* DoubleTitledInfoCell.xib */ = {isa = PBXFileReference; fileEncoding = 4; lastKnownFileType = file.xib; name = DoubleTitledInfoCell.xib; path = "table-cell-guis/DoubleTitledInfoCell.xib"; sourceTree = "<group>"; };
		2D0B7F6B1AB3456D00E33A6C /* MemoTitledInfoCell.swift */ = {isa = PBXFileReference; fileEncoding = 4; lastKnownFileType = sourcecode.swift; name = MemoTitledInfoCell.swift; path = "table-cell-guis/MemoTitledInfoCell.swift"; sourceTree = "<group>"; };
		2D0B7F6C1AB3456D00E33A6C /* MemoTitledInfoCell.xib */ = {isa = PBXFileReference; fileEncoding = 4; lastKnownFileType = file.xib; name = MemoTitledInfoCell.xib; path = "table-cell-guis/MemoTitledInfoCell.xib"; sourceTree = "<group>"; };
		2D1093D01DD9CB5700A7888B /* BelisImageFolderAndTools.swift */ = {isa = PBXFileReference; fileEncoding = 4; lastKnownFileType = sourcecode.swift; path = BelisImageFolderAndTools.swift; sourceTree = "<group>"; };
		2D1ED1841B8344BD0004AAFA /* CidsOperations.swift */ = {isa = PBXFileReference; fileEncoding = 4; lastKnownFileType = sourcecode.swift; path = CidsOperations.swift; sourceTree = "<group>"; };
		2D1ED1861B8344C80004AAFA /* CidsSessionFactory.swift */ = {isa = PBXFileReference; fileEncoding = 4; lastKnownFileType = sourcecode.swift; path = CidsSessionFactory.swift; sourceTree = "<group>"; };
		2D1ED1881B8349AD0004AAFA /* server.cert.dev.der */ = {isa = PBXFileReference; lastKnownFileType = file; path = server.cert.dev.der; sourceTree = "<group>"; };
		2D1ED1891B8349B70004AAFA /* client.cert.dev.p12 */ = {isa = PBXFileReference; lastKnownFileType = file; path = client.cert.dev.p12; sourceTree = "<group>"; };
		2D2934261A84D4BF0034181F /* handle.png */ = {isa = PBXFileReference; lastKnownFileType = image.png; path = handle.png; sourceTree = "<group>"; };
		2D3B85FF1DD4BFAD0005BFE5 /* FirstOwnTest.swift */ = {isa = PBXFileReference; fileEncoding = 4; lastKnownFileType = sourcecode.swift; path = FirstOwnTest.swift; sourceTree = "<group>"; };
		2D3DC3551A8BA86E0035575A /* UIProtocols.swift */ = {isa = PBXFileReference; fileEncoding = 4; lastKnownFileType = sourcecode.swift; path = UIProtocols.swift; sourceTree = "<group>"; };
		2D3DC3591A94E2C60035575A /* DMSUrl.swift */ = {isa = PBXFileReference; fileEncoding = 4; lastKnownFileType = sourcecode.swift; path = DMSUrl.swift; sourceTree = "<group>"; };
		2D3DC35E1A94EBA50035575A /* Timestamp.swift */ = {isa = PBXFileReference; fileEncoding = 4; lastKnownFileType = sourcecode.swift; path = Timestamp.swift; sourceTree = "<group>"; };
		2D3DC3601A94F65E0035575A /* SwiftTools.swift */ = {isa = PBXFileReference; fileEncoding = 4; lastKnownFileType = sourcecode.swift; path = SwiftTools.swift; sourceTree = "<group>"; };
		2D407C1E1AC2ECD40083013A /* DetailVC.swift */ = {isa = PBXFileReference; fileEncoding = 4; lastKnownFileType = sourcecode.swift; path = DetailVC.swift; sourceTree = "<group>"; };
		2D407C1F1AC2ECD40083013A /* DetailVC.xib */ = {isa = PBXFileReference; fileEncoding = 4; lastKnownFileType = file.xib; path = DetailVC.xib; sourceTree = "<group>"; };
		2D4322AF1E00819B003EFDD1 /* PureDocumentContainer.swift */ = {isa = PBXFileReference; fileEncoding = 4; lastKnownFileType = sourcecode.swift; path = PureDocumentContainer.swift; sourceTree = "<group>"; };
		2D46EEED1BF49185004E3D9E /* StandaloneGeom.swift */ = {isa = PBXFileReference; fileEncoding = 4; lastKnownFileType = sourcecode.swift; path = StandaloneGeom.swift; sourceTree = "<group>"; };
		2D46EEF01BF4A75F004E3D9E /* MastActionForms.swift */ = {isa = PBXFileReference; fileEncoding = 4; lastKnownFileType = sourcecode.swift; path = MastActionForms.swift; sourceTree = "<group>"; };
		2D46EEF21BF4A771004E3D9E /* LeuchteActionForms.swift */ = {isa = PBXFileReference; fileEncoding = 4; lastKnownFileType = sourcecode.swift; path = LeuchteActionForms.swift; sourceTree = "<group>"; };
		2D52D90C1C59029700BB3DED /* webhostinghub-glyphs.ttf */ = {isa = PBXFileReference; lastKnownFileType = file; path = "webhostinghub-glyphs.ttf"; sourceTree = "<group>"; };
		2D5FB2C91A67C7320041020C /* belis-app.app */ = {isa = PBXFileReference; explicitFileType = wrapper.application; includeInIndex = 0; path = "belis-app.app"; sourceTree = BUILT_PRODUCTS_DIR; };
		2D5FB2CD1A67C7320041020C /* Info.plist */ = {isa = PBXFileReference; lastKnownFileType = text.plist.xml; path = Info.plist; sourceTree = "<group>"; };
		2D5FB2D11A67C7320041020C /* belis_app.xcdatamodel */ = {isa = PBXFileReference; lastKnownFileType = wrapper.xcdatamodel; path = belis_app.xcdatamodel; sourceTree = "<group>"; };
		2D5FB2D81A67C7320041020C /* Images.xcassets */ = {isa = PBXFileReference; lastKnownFileType = folder.assetcatalog; path = Images.xcassets; sourceTree = "<group>"; };
		2D5FB2E11A67C7320041020C /* belis-appTests.xctest */ = {isa = PBXFileReference; explicitFileType = wrapper.cfbundle; includeInIndex = 0; path = "belis-appTests.xctest"; sourceTree = BUILT_PRODUCTS_DIR; };
		2D5FB2E61A67C7320041020C /* Info.plist */ = {isa = PBXFileReference; lastKnownFileType = text.plist.xml; path = Info.plist; sourceTree = "<group>"; };
		2D5FB2E71A67C7320041020C /* belis_appTests.swift */ = {isa = PBXFileReference; lastKnownFileType = sourcecode.swift; path = belis_appTests.swift; sourceTree = "<group>"; };
		2D5FB2F11A67CA570041020C /* MapKit.framework */ = {isa = PBXFileReference; lastKnownFileType = wrapper.framework; name = MapKit.framework; path = System/Library/Frameworks/MapKit.framework; sourceTree = SDKROOT; };
		2D5FB2F31A67CAA60041020C /* wupp.gpx */ = {isa = PBXFileReference; fileEncoding = 4; lastKnownFileType = text.xml; path = wupp.gpx; sourceTree = "<group>"; };
		2D5FB2F51A67CB120041020C /* belisBack.png */ = {isa = PBXFileReference; lastKnownFileType = image.png; path = belisBack.png; sourceTree = "<group>"; };
		2D5FB3001A67CC330041020C /* belis-app-Bridging-Header.h */ = {isa = PBXFileReference; lastKnownFileType = sourcecode.c.h; path = "belis-app-Bridging-Header.h"; sourceTree = "<group>"; };
		2D5FB3011A67CC340041020C /* AppDelegate.swift */ = {isa = PBXFileReference; fileEncoding = 4; lastKnownFileType = sourcecode.swift; path = AppDelegate.swift; sourceTree = "<group>"; };
		2D5FB3031A67CC340041020C /* LaunchScreen.xib */ = {isa = PBXFileReference; fileEncoding = 4; lastKnownFileType = file.xib; path = LaunchScreen.xib; sourceTree = "<group>"; };
		2D5FB3041A67CC340041020C /* LoginViewController.swift */ = {isa = PBXFileReference; fileEncoding = 4; lastKnownFileType = sourcecode.swift; path = LoginViewController.swift; sourceTree = "<group>"; };
		2D5FB3051A67CC340041020C /* Main.storyboard */ = {isa = PBXFileReference; fileEncoding = 4; lastKnownFileType = file.storyboard; path = Main.storyboard; sourceTree = "<group>"; };
		2D5FB3061A67CC340041020C /* MainViewController.swift */ = {isa = PBXFileReference; fileEncoding = 4; lastKnownFileType = sourcecode.swift; path = MainViewController.swift; sourceTree = "<group>"; };
		2D5FB3071A67CC340041020C /* SelectionPopoverViewController.swift */ = {isa = PBXFileReference; fileEncoding = 4; lastKnownFileType = sourcecode.swift; path = SelectionPopoverViewController.swift; sourceTree = "<group>"; };
		2D5FB3081A67CC340041020C /* TableViewCell.swift */ = {isa = PBXFileReference; fileEncoding = 4; lastKnownFileType = sourcecode.swift; path = TableViewCell.swift; sourceTree = "<group>"; };
		2D5FB3111A67CC780041020C /* MyOverlays.swift */ = {isa = PBXFileReference; fileEncoding = 4; lastKnownFileType = sourcecode.swift; path = MyOverlays.swift; sourceTree = "<group>"; };
		2D5FB3131A67CCA60041020C /* WKTGeometry.h */ = {isa = PBXFileReference; fileEncoding = 4; lastKnownFileType = sourcecode.c.h; path = WKTGeometry.h; sourceTree = "<group>"; };
		2D5FB3141A67CCA60041020C /* WKTGeometry.m */ = {isa = PBXFileReference; fileEncoding = 4; lastKnownFileType = sourcecode.c.objc; path = WKTGeometry.m; sourceTree = "<group>"; };
		2D5FB3151A67CCA60041020C /* WKTGeometryCollection.h */ = {isa = PBXFileReference; fileEncoding = 4; lastKnownFileType = sourcecode.c.h; path = WKTGeometryCollection.h; sourceTree = "<group>"; };
		2D5FB3161A67CCA60041020C /* WKTGeometryCollection.m */ = {isa = PBXFileReference; fileEncoding = 4; lastKnownFileType = sourcecode.c.objc; path = WKTGeometryCollection.m; sourceTree = "<group>"; };
		2D5FB3171A67CCA60041020C /* WKTLine.h */ = {isa = PBXFileReference; fileEncoding = 4; lastKnownFileType = sourcecode.c.h; path = WKTLine.h; sourceTree = "<group>"; };
		2D5FB3181A67CCA60041020C /* WKTLine.m */ = {isa = PBXFileReference; fileEncoding = 4; lastKnownFileType = sourcecode.c.objc; path = WKTLine.m; sourceTree = "<group>"; };
		2D5FB3191A67CCA60041020C /* WKTLineM.h */ = {isa = PBXFileReference; fileEncoding = 4; lastKnownFileType = sourcecode.c.h; path = WKTLineM.h; sourceTree = "<group>"; };
		2D5FB31A1A67CCA60041020C /* WKTLineM.m */ = {isa = PBXFileReference; fileEncoding = 4; lastKnownFileType = sourcecode.c.objc; path = WKTLineM.m; sourceTree = "<group>"; };
		2D5FB31B1A67CCA60041020C /* WKTParser.h */ = {isa = PBXFileReference; fileEncoding = 4; lastKnownFileType = sourcecode.c.h; path = WKTParser.h; sourceTree = "<group>"; };
		2D5FB31C1A67CCA60041020C /* WKTParser.m */ = {isa = PBXFileReference; fileEncoding = 4; lastKnownFileType = sourcecode.c.objc; path = WKTParser.m; sourceTree = "<group>"; };
		2D5FB31D1A67CCA60041020C /* WKTPoint.h */ = {isa = PBXFileReference; fileEncoding = 4; lastKnownFileType = sourcecode.c.h; path = WKTPoint.h; sourceTree = "<group>"; };
		2D5FB31E1A67CCA60041020C /* WKTPoint.m */ = {isa = PBXFileReference; fileEncoding = 4; lastKnownFileType = sourcecode.c.objc; path = WKTPoint.m; sourceTree = "<group>"; };
		2D5FB31F1A67CCA60041020C /* WKTPointM.h */ = {isa = PBXFileReference; fileEncoding = 4; lastKnownFileType = sourcecode.c.h; path = WKTPointM.h; sourceTree = "<group>"; };
		2D5FB3201A67CCA60041020C /* WKTPointM.m */ = {isa = PBXFileReference; fileEncoding = 4; lastKnownFileType = sourcecode.c.objc; path = WKTPointM.m; sourceTree = "<group>"; };
		2D5FB3211A67CCA60041020C /* WKTPolygon.h */ = {isa = PBXFileReference; fileEncoding = 4; lastKnownFileType = sourcecode.c.h; path = WKTPolygon.h; sourceTree = "<group>"; };
		2D5FB3221A67CCA60041020C /* WKTPolygon.m */ = {isa = PBXFileReference; fileEncoding = 4; lastKnownFileType = sourcecode.c.objc; path = WKTPolygon.m; sourceTree = "<group>"; };
		2D5FB3231A67CCA60041020C /* WKTPolygonM.h */ = {isa = PBXFileReference; fileEncoding = 4; lastKnownFileType = sourcecode.c.h; path = WKTPolygonM.h; sourceTree = "<group>"; };
		2D5FB3241A67CCA60041020C /* WKTPolygonM.m */ = {isa = PBXFileReference; fileEncoding = 4; lastKnownFileType = sourcecode.c.objc; path = WKTPolygonM.m; sourceTree = "<group>"; };
		2D5FB3251A67CCA60041020C /* WKTString.h */ = {isa = PBXFileReference; fileEncoding = 4; lastKnownFileType = sourcecode.c.h; path = WKTString.h; sourceTree = "<group>"; };
		2D5FB3261A67CCA60041020C /* WKTString.m */ = {isa = PBXFileReference; fileEncoding = 4; lastKnownFileType = sourcecode.c.objc; path = WKTString.m; sourceTree = "<group>"; };
		2D5FB3311A67CCEB0041020C /* Abzweigdose.swift */ = {isa = PBXFileReference; fileEncoding = 4; lastKnownFileType = sourcecode.swift; path = Abzweigdose.swift; sourceTree = "<group>"; };
		2D5FB3321A67CCEB0041020C /* Arbeitsauftrag.swift */ = {isa = PBXFileReference; fileEncoding = 4; lastKnownFileType = sourcecode.swift; path = Arbeitsauftrag.swift; sourceTree = "<group>"; };
		2D5FB3331A67CCEB0041020C /* Arbeitsprotokoll.swift */ = {isa = PBXFileReference; fileEncoding = 4; lastKnownFileType = sourcecode.swift; path = Arbeitsprotokoll.swift; sourceTree = "<group>"; };
		2D5FB3341A67CCEB0041020C /* BaseEntity.swift */ = {isa = PBXFileReference; fileEncoding = 4; lastKnownFileType = sourcecode.swift; path = BaseEntity.swift; sourceTree = "<group>"; };
		2D5FB3351A67CCEB0041020C /* GeoBaseEntity.swift */ = {isa = PBXFileReference; fileEncoding = 4; lastKnownFileType = sourcecode.swift; path = GeoBaseEntity.swift; sourceTree = "<group>"; };
		2D5FB3361A67CCEB0041020C /* Leitung.swift */ = {isa = PBXFileReference; fileEncoding = 4; lastKnownFileType = sourcecode.swift; path = Leitung.swift; sourceTree = "<group>"; };
		2D5FB3371A67CCEB0041020C /* Leuchte.swift */ = {isa = PBXFileReference; fileEncoding = 4; lastKnownFileType = sourcecode.swift; path = Leuchte.swift; sourceTree = "<group>"; };
		2D5FB3381A67CCEB0041020C /* Mauerlasche.swift */ = {isa = PBXFileReference; fileEncoding = 4; lastKnownFileType = sourcecode.swift; path = Mauerlasche.swift; sourceTree = "<group>"; };
		2D5FB3391A67CCEB0041020C /* Schaltstelle.swift */ = {isa = PBXFileReference; fileEncoding = 4; lastKnownFileType = sourcecode.swift; path = Schaltstelle.swift; sourceTree = "<group>"; };
		2D5FB33A1A67CCEB0041020C /* Standort.swift */ = {isa = PBXFileReference; fileEncoding = 4; lastKnownFileType = sourcecode.swift; path = Standort.swift; sourceTree = "<group>"; };
		2D5FB33B1A67CCEB0041020C /* Veranlassung.swift */ = {isa = PBXFileReference; fileEncoding = 4; lastKnownFileType = sourcecode.swift; path = Veranlassung.swift; sourceTree = "<group>"; };
		2D65AABB1AB09B8E00621A0A /* cismetSignet2k.png */ = {isa = PBXFileReference; lastKnownFileType = image.png; path = cismetSignet2k.png; sourceTree = "<group>"; };
		2D68674F1B02397900B0C2EE /* BaseEntityAction.swift */ = {isa = PBXFileReference; fileEncoding = 4; lastKnownFileType = sourcecode.swift; path = BaseEntityAction.swift; sourceTree = "<group>"; };
		2D7B8B3A1DE5F40800B4346A /* AddIncidentAction.swift */ = {isa = PBXFileReference; fileEncoding = 4; lastKnownFileType = sourcecode.swift; path = AddIncidentAction.swift; sourceTree = "<group>"; };
		2D81C2A41AA84B710051876C /* Secrets.swift */ = {isa = PBXFileReference; fileEncoding = 4; lastKnownFileType = sourcecode.swift; path = Secrets.swift; sourceTree = "<group>"; };
		2D82A5CA1BFC7FF8000B29A7 /* ObjectAction.swift */ = {isa = PBXFileReference; fileEncoding = 4; lastKnownFileType = sourcecode.swift; path = ObjectAction.swift; sourceTree = "<group>"; };
		2D82A5CC1BFCB61B000B29A7 /* GenericFormViewController.swift */ = {isa = PBXFileReference; fileEncoding = 4; lastKnownFileType = sourcecode.swift; path = GenericFormViewController.swift; sourceTree = "<group>"; };
		2D82A5CE1BFCB92F000B29A7 /* OtherActionForms.swift */ = {isa = PBXFileReference; fileEncoding = 4; lastKnownFileType = sourcecode.swift; path = OtherActionForms.swift; sourceTree = "<group>"; };
		2D939DDA1A6905D500FB2AFB /* CidsConnector.swift */ = {isa = PBXFileReference; fileEncoding = 4; lastKnownFileType = sourcecode.swift; path = CidsConnector.swift; sourceTree = "<group>"; };
		2D939DEE1A690A6300FB2AFB /* CidsUtilityClasses.swift */ = {isa = PBXFileReference; fileEncoding = 4; lastKnownFileType = sourcecode.swift; path = CidsUtilityClasses.swift; sourceTree = "<group>"; };
		2D9952211AA5FFC600B5E02E /* DokumentPreviewVC.swift */ = {isa = PBXFileReference; fileEncoding = 4; lastKnownFileType = sourcecode.swift; path = DokumentPreviewVC.swift; sourceTree = "<group>"; };
		2D9952221AA5FFC600B5E02E /* DokumentPreviewVC.xib */ = {isa = PBXFileReference; fileEncoding = 4; lastKnownFileType = file.xib; path = DokumentPreviewVC.xib; sourceTree = "<group>"; };
		2D9CAD601B94A05A00A3EB07 /* CidsConnectionSettingsViewController.swift */ = {isa = PBXFileReference; fileEncoding = 4; lastKnownFileType = sourcecode.swift; path = CidsConnectionSettingsViewController.swift; sourceTree = "<group>"; };
		2D9D3B191A9F777D0049F46F /* QuickLook.framework */ = {isa = PBXFileReference; lastKnownFileType = wrapper.framework; name = QuickLook.framework; path = System/Library/Frameworks/QuickLook.framework; sourceTree = SDKROOT; };
		2D9D3B1B1A9F77B50049F46F /* UIKit.framework */ = {isa = PBXFileReference; lastKnownFileType = wrapper.framework; name = UIKit.framework; path = System/Library/Frameworks/UIKit.framework; sourceTree = SDKROOT; };
		2DB10EE81B299CA200B78852 /* FotoActions.swift */ = {isa = PBXFileReference; fileEncoding = 4; lastKnownFileType = sourcecode.swift; path = FotoActions.swift; sourceTree = "<group>"; };
		2DB6E8C11A9CA4DB00D4EA4E /* Glyphs.swift */ = {isa = PBXFileReference; fileEncoding = 4; lastKnownFileType = sourcecode.swift; path = Glyphs.swift; sourceTree = "<group>"; };
		2DB8E80D1AC3058F000340FE /* SimpleUrlPreviewInfoCell.swift */ = {isa = PBXFileReference; fileEncoding = 4; lastKnownFileType = sourcecode.swift; path = SimpleUrlPreviewInfoCell.swift; sourceTree = "<group>"; };
		2DDF34FA1BDE1F5D00C3047D /* AdditionalFunctionalityPopoverViewController.swift */ = {isa = PBXFileReference; fileEncoding = 4; lastKnownFileType = sourcecode.swift; path = AdditionalFunctionalityPopoverViewController.swift; sourceTree = "<group>"; };
		2DE8B1A31B25C3EA00FCEBA7 /* testbild.png */ = {isa = PBXFileReference; lastKnownFileType = image.png; path = testbild.png; sourceTree = "<group>"; };
		2DEDB58A1AFCCDC9004ADC92 /* schaltstelle.png */ = {isa = PBXFileReference; lastKnownFileType = image.png; path = schaltstelle.png; sourceTree = "<group>"; };
		2DF2C7DC1AB6E2FE00F3A2FC /* SimpleInfoCell.swift */ = {isa = PBXFileReference; fileEncoding = 4; lastKnownFileType = sourcecode.swift; path = SimpleInfoCell.swift; sourceTree = "<group>"; };
		2DF6A9BB1A82541900E20FBF /* MappingStuff.swift */ = {isa = PBXFileReference; fileEncoding = 4; lastKnownFileType = sourcecode.swift; path = MappingStuff.swift; sourceTree = "<group>"; };
		41062A34B2E8623112BDCCAF /* Pods-belis-appTests.release.xcconfig */ = {isa = PBXFileReference; includeInIndex = 1; lastKnownFileType = text.xcconfig; name = "Pods-belis-appTests.release.xcconfig"; path = "Pods/Target Support Files/Pods-belis-appTests/Pods-belis-appTests.release.xcconfig"; sourceTree = "<group>"; };
		5C20008736A2BD71BCFDBC88 /* Pods_belis_app.framework */ = {isa = PBXFileReference; explicitFileType = wrapper.framework; includeInIndex = 0; path = Pods_belis_app.framework; sourceTree = BUILT_PRODUCTS_DIR; };
		6280188207E2CA77D963D92F /* Pods-belis-appTests.debug.xcconfig */ = {isa = PBXFileReference; includeInIndex = 1; lastKnownFileType = text.xcconfig; name = "Pods-belis-appTests.debug.xcconfig"; path = "Pods/Target Support Files/Pods-belis-appTests/Pods-belis-appTests.debug.xcconfig"; sourceTree = "<group>"; };
		CC43B2DA250D2AE52FBA0878 /* Pods-belis-app.debug.xcconfig */ = {isa = PBXFileReference; includeInIndex = 1; lastKnownFileType = text.xcconfig; name = "Pods-belis-app.debug.xcconfig"; path = "Pods/Target Support Files/Pods-belis-app/Pods-belis-app.debug.xcconfig"; sourceTree = "<group>"; };
		DE5093CB7B6BB15E51A21655 /* Pods_belis_appTests.framework */ = {isa = PBXFileReference; explicitFileType = wrapper.framework; includeInIndex = 0; path = Pods_belis_appTests.framework; sourceTree = BUILT_PRODUCTS_DIR; };
/* End PBXFileReference section */

/* Begin PBXFrameworksBuildPhase section */
		2D5FB2C61A67C7320041020C /* Frameworks */ = {
			isa = PBXFrameworksBuildPhase;
			buildActionMask = 2147483647;
			files = (
				2D9D3B1C1A9F77B50049F46F /* UIKit.framework in Frameworks */,
				2D9D3B1A1A9F777D0049F46F /* QuickLook.framework in Frameworks */,
				2D5FB2F21A67CA570041020C /* MapKit.framework in Frameworks */,
				F78F4647B034220D7EFDA0DA /* Pods_belis_app.framework in Frameworks */,
			);
			runOnlyForDeploymentPostprocessing = 0;
		};
		2D5FB2DE1A67C7320041020C /* Frameworks */ = {
			isa = PBXFrameworksBuildPhase;
			buildActionMask = 2147483647;
			files = (
				E55CF5C561695CA44020AB5B /* Pods_belis_appTests.framework in Frameworks */,
			);
			runOnlyForDeploymentPostprocessing = 0;
		};
/* End PBXFrameworksBuildPhase section */

/* Begin PBXGroup section */
		2D0B7F5F1AB3447700E33A6C /* components */ = {
			isa = PBXGroup;
			children = (
				2D0B7F631AB3451700E33A6C /* SingleTitledInfoCell.swift */,
				2D0B7F641AB3451700E33A6C /* SingleTitledInfoCell.xib */,
				2D0B7F671AB3454100E33A6C /* DoubleTitledInfoCell.swift */,
				2D0B7F681AB3454100E33A6C /* DoubleTitledInfoCell.xib */,
				2D0B7F6B1AB3456D00E33A6C /* MemoTitledInfoCell.swift */,
				2D0B7F6C1AB3456D00E33A6C /* MemoTitledInfoCell.xib */,
				2DF2C7DC1AB6E2FE00F3A2FC /* SimpleInfoCell.swift */,
				2DB8E80D1AC3058F000340FE /* SimpleUrlPreviewInfoCell.swift */,
			);
			name = components;
			sourceTree = "<group>";
		};
		2D46EEEF1BF4A73B004E3D9E /* actionForms */ = {
			isa = PBXGroup;
			children = (
				2D46EEF01BF4A75F004E3D9E /* MastActionForms.swift */,
				2D46EEF21BF4A771004E3D9E /* LeuchteActionForms.swift */,
				2D82A5CA1BFC7FF8000B29A7 /* ObjectAction.swift */,
				2D82A5CC1BFCB61B000B29A7 /* GenericFormViewController.swift */,
				2D82A5CE1BFCB92F000B29A7 /* OtherActionForms.swift */,
			);
			name = actionForms;
			sourceTree = "<group>";
		};
		2D5FB2C01A67C7320041020C = {
			isa = PBXGroup;
			children = (
				2D9D3B1B1A9F77B50049F46F /* UIKit.framework */,
				2D9D3B191A9F777D0049F46F /* QuickLook.framework */,
				2D5FB2F11A67CA570041020C /* MapKit.framework */,
				2D5FB2CB1A67C7320041020C /* belis-app */,
				2D5FB2E41A67C7320041020C /* belis-appTests */,
				2D5FB2CA1A67C7320041020C /* Products */,
				BB67F872BED992D88CCD6BAD /* Frameworks */,
				F90D7BC97B2CC9DE6FB103B1 /* Pods */,
			);
			sourceTree = "<group>";
		};
		2D5FB2CA1A67C7320041020C /* Products */ = {
			isa = PBXGroup;
			children = (
				2D5FB2C91A67C7320041020C /* belis-app.app */,
				2D5FB2E11A67C7320041020C /* belis-appTests.xctest */,
			);
			name = Products;
			sourceTree = "<group>";
		};
		2D5FB2CB1A67C7320041020C /* belis-app */ = {
			isa = PBXGroup;
			children = (
				2DB6E8C91A9DD5D500D4EA4E /* viewController */,
				2D5FB2FF1A67CBAC0041020C /* wktparser */,
				2D5FB2FE1A67CB980041020C /* data */,
				2D5FB2FD1A67CB870041020C /* tools */,
				2D5FB2D81A67C7320041020C /* Images.xcassets */,
				2D5FB2D01A67C7320041020C /* belis_app.xcdatamodeld */,
				2D5FB2CC1A67C7320041020C /* Supporting Files */,
				2D5FB3001A67CC330041020C /* belis-app-Bridging-Header.h */,
				2D5FB3011A67CC340041020C /* AppDelegate.swift */,
				2D5FB3031A67CC340041020C /* LaunchScreen.xib */,
				2D5FB3051A67CC340041020C /* Main.storyboard */,
			);
			path = "belis-app";
			sourceTree = "<group>";
		};
		2D5FB2CC1A67C7320041020C /* Supporting Files */ = {
			isa = PBXGroup;
			children = (
				2D1ED1891B8349B70004AAFA /* client.cert.dev.p12 */,
				2D1ED1881B8349AD0004AAFA /* server.cert.dev.der */,
				2D65AABB1AB09B8E00621A0A /* cismetSignet2k.png */,
				2D2934261A84D4BF0034181F /* handle.png */,
				2D52D90C1C59029700BB3DED /* webhostinghub-glyphs.ttf */,
				2D5FB2F51A67CB120041020C /* belisBack.png */,
				2DEDB58A1AFCCDC9004ADC92 /* schaltstelle.png */,
				2D5FB2F31A67CAA60041020C /* wupp.gpx */,
				2D5FB2CD1A67C7320041020C /* Info.plist */,
				2DE8B1A31B25C3EA00FCEBA7 /* testbild.png */,
				2D81C2A41AA84B710051876C /* Secrets.swift */,
			);
			name = "Supporting Files";
			sourceTree = "<group>";
		};
		2D5FB2E41A67C7320041020C /* belis-appTests */ = {
			isa = PBXGroup;
			children = (
				2D5FB2E71A67C7320041020C /* belis_appTests.swift */,
				2D5FB2E51A67C7320041020C /* Supporting Files */,
				2D3B85FF1DD4BFAD0005BFE5 /* FirstOwnTest.swift */,
			);
			path = "belis-appTests";
			sourceTree = "<group>";
		};
		2D5FB2E51A67C7320041020C /* Supporting Files */ = {
			isa = PBXGroup;
			children = (
				2D5FB2E61A67C7320041020C /* Info.plist */,
			);
			name = "Supporting Files";
			sourceTree = "<group>";
		};
		2D5FB2FD1A67CB870041020C /* tools */ = {
			isa = PBXGroup;
			children = (
				2D5FB3111A67CC780041020C /* MyOverlays.swift */,
				2D1ED1861B8344C80004AAFA /* CidsSessionFactory.swift */,
				2D939DDA1A6905D500FB2AFB /* CidsConnector.swift */,
				2D1ED1841B8344BD0004AAFA /* CidsOperations.swift */,
				2D939DEE1A690A6300FB2AFB /* CidsUtilityClasses.swift */,
				2DF6A9BB1A82541900E20FBF /* MappingStuff.swift */,
				2D3DC3601A94F65E0035575A /* SwiftTools.swift */,
				2DB6E8C11A9CA4DB00D4EA4E /* Glyphs.swift */,
				2D1093D01DD9CB5700A7888B /* BelisImageFolderAndTools.swift */,
			);
			name = tools;
			sourceTree = "<group>";
		};
		2D5FB2FE1A67CB980041020C /* data */ = {
			isa = PBXGroup;
			children = (
				2D5FB3311A67CCEB0041020C /* Abzweigdose.swift */,
				2D5FB3321A67CCEB0041020C /* Arbeitsauftrag.swift */,
				2D5FB3331A67CCEB0041020C /* Arbeitsprotokoll.swift */,
				2D5FB3341A67CCEB0041020C /* BaseEntity.swift */,
				2D5FB3351A67CCEB0041020C /* GeoBaseEntity.swift */,
				2D5FB3361A67CCEB0041020C /* Leitung.swift */,
				2D5FB3371A67CCEB0041020C /* Leuchte.swift */,
				2D5FB3381A67CCEB0041020C /* Mauerlasche.swift */,
				2D5FB3391A67CCEB0041020C /* Schaltstelle.swift */,
				2D5FB33A1A67CCEB0041020C /* Standort.swift */,
				2D5FB33B1A67CCEB0041020C /* Veranlassung.swift */,
				2D3DC3551A8BA86E0035575A /* UIProtocols.swift */,
				2D3DC3591A94E2C60035575A /* DMSUrl.swift */,
				2D3DC35E1A94EBA50035575A /* Timestamp.swift */,
				2D0A979B1ADBC4C8005312BA /* Strasse.swift */,
				2D46EEED1BF49185004E3D9E /* StandaloneGeom.swift */,
				2D4322AF1E00819B003EFDD1 /* PureDocumentContainer.swift */,
			);
			name = data;
			sourceTree = "<group>";
		};
		2D5FB2FF1A67CBAC0041020C /* wktparser */ = {
			isa = PBXGroup;
			children = (
				2D5FB3131A67CCA60041020C /* WKTGeometry.h */,
				2D5FB3141A67CCA60041020C /* WKTGeometry.m */,
				2D5FB3151A67CCA60041020C /* WKTGeometryCollection.h */,
				2D5FB3161A67CCA60041020C /* WKTGeometryCollection.m */,
				2D5FB3171A67CCA60041020C /* WKTLine.h */,
				2D5FB3181A67CCA60041020C /* WKTLine.m */,
				2D5FB3191A67CCA60041020C /* WKTLineM.h */,
				2D5FB31A1A67CCA60041020C /* WKTLineM.m */,
				2D5FB31B1A67CCA60041020C /* WKTParser.h */,
				2D5FB31C1A67CCA60041020C /* WKTParser.m */,
				2D5FB31D1A67CCA60041020C /* WKTPoint.h */,
				2D5FB31E1A67CCA60041020C /* WKTPoint.m */,
				2D5FB31F1A67CCA60041020C /* WKTPointM.h */,
				2D5FB3201A67CCA60041020C /* WKTPointM.m */,
				2D5FB3211A67CCA60041020C /* WKTPolygon.h */,
				2D5FB3221A67CCA60041020C /* WKTPolygon.m */,
				2D5FB3231A67CCA60041020C /* WKTPolygonM.h */,
				2D5FB3241A67CCA60041020C /* WKTPolygonM.m */,
				2D5FB3251A67CCA60041020C /* WKTString.h */,
				2D5FB3261A67CCA60041020C /* WKTString.m */,
			);
			name = wktparser;
			sourceTree = "<group>";
		};
		2D9D3AC41A9E18E90049F46F /* details */ = {
			isa = PBXGroup;
			children = (
				2DB10EE71B299C7F00B78852 /* actions */,
				2D0B7F5F1AB3447700E33A6C /* components */,
				2D9952211AA5FFC600B5E02E /* DokumentPreviewVC.swift */,
				2D9952221AA5FFC600B5E02E /* DokumentPreviewVC.xib */,
				2D407C1E1AC2ECD40083013A /* DetailVC.swift */,
				2D407C1F1AC2ECD40083013A /* DetailVC.xib */,
			);
			name = details;
			sourceTree = "<group>";
		};
		2DB10EE71B299C7F00B78852 /* actions */ = {
			isa = PBXGroup;
			children = (
				2D68674F1B02397900B0C2EE /* BaseEntityAction.swift */,
				2DB10EE81B299CA200B78852 /* FotoActions.swift */,
				2D7B8B3A1DE5F40800B4346A /* AddIncidentAction.swift */,
			);
			name = actions;
			sourceTree = "<group>";
		};
		2DB6E8C91A9DD5D500D4EA4E /* viewController */ = {
			isa = PBXGroup;
			children = (
				2D46EEEF1BF4A73B004E3D9E /* actionForms */,
				2D9D3AC41A9E18E90049F46F /* details */,
				2D5FB3081A67CC340041020C /* TableViewCell.swift */,
				2D5FB3071A67CC340041020C /* SelectionPopoverViewController.swift */,
				2D9CAD601B94A05A00A3EB07 /* CidsConnectionSettingsViewController.swift */,
				2D5FB3061A67CC340041020C /* MainViewController.swift */,
				2D5FB3041A67CC340041020C /* LoginViewController.swift */,
				2DDF34FA1BDE1F5D00C3047D /* AdditionalFunctionalityPopoverViewController.swift */,
			);
			name = viewController;
			sourceTree = "<group>";
		};
		BB67F872BED992D88CCD6BAD /* Frameworks */ = {
			isa = PBXGroup;
			children = (
				5C20008736A2BD71BCFDBC88 /* Pods_belis_app.framework */,
				DE5093CB7B6BB15E51A21655 /* Pods_belis_appTests.framework */,
			);
			name = Frameworks;
			sourceTree = "<group>";
		};
		F90D7BC97B2CC9DE6FB103B1 /* Pods */ = {
			isa = PBXGroup;
			children = (
				CC43B2DA250D2AE52FBA0878 /* Pods-belis-app.debug.xcconfig */,
				2B1FF2F33D483D6A8568016C /* Pods-belis-app.release.xcconfig */,
				6280188207E2CA77D963D92F /* Pods-belis-appTests.debug.xcconfig */,
				41062A34B2E8623112BDCCAF /* Pods-belis-appTests.release.xcconfig */,
			);
			name = Pods;
			sourceTree = "<group>";
		};
/* End PBXGroup section */

/* Begin PBXNativeTarget section */
		2D5FB2C81A67C7320041020C /* belis-app */ = {
			isa = PBXNativeTarget;
			buildConfigurationList = 2D5FB2EB1A67C7320041020C /* Build configuration list for PBXNativeTarget "belis-app" */;
			buildPhases = (
				7D8419E59D9E6EECC40DC67B /* [CP] Check Pods Manifest.lock */,
				2D5FB2C51A67C7320041020C /* Sources */,
				2D5FB2C61A67C7320041020C /* Frameworks */,
				2D5FB2C71A67C7320041020C /* Resources */,
				1B6A8BA38FB5FBAE67DEE751 /* [CP] Embed Pods Frameworks */,
				EF4D53F893063C19A661F39F /* [CP] Copy Pods Resources */,
			);
			buildRules = (
			);
			dependencies = (
			);
			name = "belis-app";
			productName = "belis-app";
			productReference = 2D5FB2C91A67C7320041020C /* belis-app.app */;
			productType = "com.apple.product-type.application";
		};
		2D5FB2E01A67C7320041020C /* belis-appTests */ = {
			isa = PBXNativeTarget;
			buildConfigurationList = 2D5FB2EE1A67C7320041020C /* Build configuration list for PBXNativeTarget "belis-appTests" */;
			buildPhases = (
				75B9A2FF18BA7D63C9D0C74E /* [CP] Check Pods Manifest.lock */,
				2D5FB2DD1A67C7320041020C /* Sources */,
				2D5FB2DE1A67C7320041020C /* Frameworks */,
				2D5FB2DF1A67C7320041020C /* Resources */,
				660CFDDC264B2EA2EC08ECE6 /* [CP] Embed Pods Frameworks */,
				83B2D6F8EDA4254FE04C12A9 /* [CP] Copy Pods Resources */,
			);
			buildRules = (
			);
			dependencies = (
				2D5FB2E31A67C7320041020C /* PBXTargetDependency */,
			);
			name = "belis-appTests";
			productName = "belis-appTests";
			productReference = 2D5FB2E11A67C7320041020C /* belis-appTests.xctest */;
			productType = "com.apple.product-type.bundle.unit-test";
		};
/* End PBXNativeTarget section */

/* Begin PBXProject section */
		2D5FB2C11A67C7320041020C /* Project object */ = {
			isa = PBXProject;
			attributes = {
				LastSwiftMigration = 0700;
				LastSwiftUpdateCheck = 0700;
				LastUpgradeCheck = 0810;
				ORGANIZATIONNAME = cismet;
				TargetAttributes = {
					2D5FB2C81A67C7320041020C = {
						CreatedOnToolsVersion = 6.1.1;
						DevelopmentTeam = XX78EKQ56C;
						LastSwiftMigration = 0800;
						SystemCapabilities = {
							com.apple.Maps.iOS = {
								enabled = 1;
							};
						};
					};
					2D5FB2E01A67C7320041020C = {
						CreatedOnToolsVersion = 6.1.1;
						LastSwiftMigration = 0800;
						TestTargetID = 2D5FB2C81A67C7320041020C;
					};
				};
			};
			buildConfigurationList = 2D5FB2C41A67C7320041020C /* Build configuration list for PBXProject "belis-app" */;
			compatibilityVersion = "Xcode 3.2";
			developmentRegion = English;
			hasScannedForEncodings = 0;
			knownRegions = (
				en,
				Base,
			);
			mainGroup = 2D5FB2C01A67C7320041020C;
			productRefGroup = 2D5FB2CA1A67C7320041020C /* Products */;
			projectDirPath = "";
			projectRoot = "";
			targets = (
				2D5FB2C81A67C7320041020C /* belis-app */,
				2D5FB2E01A67C7320041020C /* belis-appTests */,
			);
		};
/* End PBXProject section */

/* Begin PBXResourcesBuildPhase section */
		2D5FB2C71A67C7320041020C /* Resources */ = {
			isa = PBXResourcesBuildPhase;
			buildActionMask = 2147483647;
			files = (
				2D52D90D1C59072200BB3DED /* webhostinghub-glyphs.ttf in Resources */,
				2D1ED18B1B8349CF0004AAFA /* server.cert.dev.der in Resources */,
				2D1ED18A1B8349CB0004AAFA /* client.cert.dev.p12 in Resources */,
				2D5FB2F41A67CAA60041020C /* wupp.gpx in Resources */,
				2D0B7F661AB3451700E33A6C /* SingleTitledInfoCell.xib in Resources */,
				2D65AABC1AB09B8E00621A0A /* cismetSignet2k.png in Resources */,
				2D9952241AA5FFC600B5E02E /* DokumentPreviewVC.xib in Resources */,
				2D0B7F6E1AB3456D00E33A6C /* MemoTitledInfoCell.xib in Resources */,
				2DEDB58B1AFCCDC9004ADC92 /* schaltstelle.png in Resources */,
				2D407C211AC2ECD40083013A /* DetailVC.xib in Resources */,
				2D0B7F6A1AB3454100E33A6C /* DoubleTitledInfoCell.xib in Resources */,
				2D5FB2F91A67CB120041020C /* belisBack.png in Resources */,
				2D5FB30D1A67CC340041020C /* Main.storyboard in Resources */,
				2DE8B1A41B25C3EA00FCEBA7 /* testbild.png in Resources */,
				2D5FB30B1A67CC340041020C /* LaunchScreen.xib in Resources */,
				2D2934271A84D4BF0034181F /* handle.png in Resources */,
				2D5FB2D91A67C7320041020C /* Images.xcassets in Resources */,
			);
			runOnlyForDeploymentPostprocessing = 0;
		};
		2D5FB2DF1A67C7320041020C /* Resources */ = {
			isa = PBXResourcesBuildPhase;
			buildActionMask = 2147483647;
			files = (
			);
			runOnlyForDeploymentPostprocessing = 0;
		};
/* End PBXResourcesBuildPhase section */

/* Begin PBXShellScriptBuildPhase section */
		1B6A8BA38FB5FBAE67DEE751 /* [CP] Embed Pods Frameworks */ = {
			isa = PBXShellScriptBuildPhase;
			buildActionMask = 2147483647;
			files = (
			);
			inputPaths = (
			);
			name = "[CP] Embed Pods Frameworks";
			outputPaths = (
			);
			runOnlyForDeploymentPostprocessing = 0;
			shellPath = /bin/sh;
			shellScript = "\"${SRCROOT}/Pods/Target Support Files/Pods-belis-app/Pods-belis-app-frameworks.sh\"\n";
			showEnvVarsInLog = 0;
		};
		660CFDDC264B2EA2EC08ECE6 /* [CP] Embed Pods Frameworks */ = {
			isa = PBXShellScriptBuildPhase;
			buildActionMask = 2147483647;
			files = (
			);
			inputPaths = (
			);
			name = "[CP] Embed Pods Frameworks";
			outputPaths = (
			);
			runOnlyForDeploymentPostprocessing = 0;
			shellPath = /bin/sh;
			shellScript = "\"${SRCROOT}/Pods/Target Support Files/Pods-belis-appTests/Pods-belis-appTests-frameworks.sh\"\n";
			showEnvVarsInLog = 0;
		};
		75B9A2FF18BA7D63C9D0C74E /* [CP] Check Pods Manifest.lock */ = {
			isa = PBXShellScriptBuildPhase;
			buildActionMask = 2147483647;
			files = (
			);
			inputPaths = (
			);
			name = "[CP] Check Pods Manifest.lock";
			outputPaths = (
			);
			runOnlyForDeploymentPostprocessing = 0;
			shellPath = /bin/sh;
			shellScript = "diff \"${PODS_ROOT}/../Podfile.lock\" \"${PODS_ROOT}/Manifest.lock\" > /dev/null\nif [ $? != 0 ] ; then\n    # print error to STDERR\n    echo \"error: The sandbox is not in sync with the Podfile.lock. Run 'pod install' or update your CocoaPods installation.\" >&2\n    exit 1\nfi\n";
			showEnvVarsInLog = 0;
		};
		7D8419E59D9E6EECC40DC67B /* [CP] Check Pods Manifest.lock */ = {
			isa = PBXShellScriptBuildPhase;
			buildActionMask = 2147483647;
			files = (
			);
			inputPaths = (
			);
			name = "[CP] Check Pods Manifest.lock";
			outputPaths = (
			);
			runOnlyForDeploymentPostprocessing = 0;
			shellPath = /bin/sh;
			shellScript = "diff \"${PODS_ROOT}/../Podfile.lock\" \"${PODS_ROOT}/Manifest.lock\" > /dev/null\nif [ $? != 0 ] ; then\n    # print error to STDERR\n    echo \"error: The sandbox is not in sync with the Podfile.lock. Run 'pod install' or update your CocoaPods installation.\" >&2\n    exit 1\nfi\n";
			showEnvVarsInLog = 0;
		};
		83B2D6F8EDA4254FE04C12A9 /* [CP] Copy Pods Resources */ = {
			isa = PBXShellScriptBuildPhase;
			buildActionMask = 2147483647;
			files = (
			);
			inputPaths = (
			);
			name = "[CP] Copy Pods Resources";
			outputPaths = (
			);
			runOnlyForDeploymentPostprocessing = 0;
			shellPath = /bin/sh;
			shellScript = "\"${SRCROOT}/Pods/Target Support Files/Pods-belis-appTests/Pods-belis-appTests-resources.sh\"\n";
			showEnvVarsInLog = 0;
		};
		EF4D53F893063C19A661F39F /* [CP] Copy Pods Resources */ = {
			isa = PBXShellScriptBuildPhase;
			buildActionMask = 2147483647;
			files = (
			);
			inputPaths = (
			);
			name = "[CP] Copy Pods Resources";
			outputPaths = (
			);
			runOnlyForDeploymentPostprocessing = 0;
			shellPath = /bin/sh;
			shellScript = "\"${SRCROOT}/Pods/Target Support Files/Pods-belis-app/Pods-belis-app-resources.sh\"\n";
			showEnvVarsInLog = 0;
		};
/* End PBXShellScriptBuildPhase section */

/* Begin PBXSourcesBuildPhase section */
		2D5FB2C51A67C7320041020C /* Sources */ = {
			isa = PBXSourcesBuildPhase;
			buildActionMask = 2147483647;
			files = (
				2D0A979C1ADBC4C8005312BA /* Strasse.swift in Sources */,
				2D0B7F651AB3451700E33A6C /* SingleTitledInfoCell.swift in Sources */,
				2D0B7F691AB3454100E33A6C /* DoubleTitledInfoCell.swift in Sources */,
				2D81C2A51AA84B710051876C /* Secrets.swift in Sources */,
				2D5FB33C1A67CCEB0041020C /* Abzweigdose.swift in Sources */,
				2D3DC3561A8BA86E0035575A /* UIProtocols.swift in Sources */,
				2DDF34FB1BDE1F5D00C3047D /* AdditionalFunctionalityPopoverViewController.swift in Sources */,
				2DF6A9BC1A82541900E20FBF /* MappingStuff.swift in Sources */,
				2D407C201AC2ECD40083013A /* DetailVC.swift in Sources */,
				2D5FB32A1A67CCA60041020C /* WKTLineM.m in Sources */,
				2DB6E8C21A9CA4DB00D4EA4E /* Glyphs.swift in Sources */,
				2D5FB3121A67CC780041020C /* MyOverlays.swift in Sources */,
				2D4322B01E00819B003EFDD1 /* PureDocumentContainer.swift in Sources */,
				2DF2C7DD1AB6E2FE00F3A2FC /* SimpleInfoCell.swift in Sources */,
				2D7B8B3B1DE5F40800B4346A /* AddIncidentAction.swift in Sources */,
				2D5FB3401A67CCEB0041020C /* GeoBaseEntity.swift in Sources */,
				2D3DC35F1A94EBA50035575A /* Timestamp.swift in Sources */,
				2D5FB3421A67CCEB0041020C /* Leuchte.swift in Sources */,
				2D9CAD611B94A05A00A3EB07 /* CidsConnectionSettingsViewController.swift in Sources */,
				2D5FB32F1A67CCA60041020C /* WKTPolygonM.m in Sources */,
				2D5FB3291A67CCA60041020C /* WKTLine.m in Sources */,
				2DB10EE91B299CA200B78852 /* FotoActions.swift in Sources */,
				2DB8E80E1AC3058F000340FE /* SimpleUrlPreviewInfoCell.swift in Sources */,
				2D5FB30C1A67CC340041020C /* LoginViewController.swift in Sources */,
				2D5FB3411A67CCEB0041020C /* Leitung.swift in Sources */,
				2D0B7F6D1AB3456D00E33A6C /* MemoTitledInfoCell.swift in Sources */,
				2D82A5CD1BFCB61B000B29A7 /* GenericFormViewController.swift in Sources */,
				2D5FB3461A67CCEB0041020C /* Veranlassung.swift in Sources */,
				2D5FB33E1A67CCEB0041020C /* Arbeitsprotokoll.swift in Sources */,
				2D5FB33D1A67CCEB0041020C /* Arbeitsauftrag.swift in Sources */,
				2D46EEEE1BF49185004E3D9E /* StandaloneGeom.swift in Sources */,
				2D5FB32E1A67CCA60041020C /* WKTPolygon.m in Sources */,
				2D5FB3091A67CC340041020C /* AppDelegate.swift in Sources */,
				2D5FB32B1A67CCA60041020C /* WKTParser.m in Sources */,
				2D5FB3301A67CCA60041020C /* WKTString.m in Sources */,
				2D5FB3451A67CCEB0041020C /* Standort.swift in Sources */,
				2D5FB3271A67CCA60041020C /* WKTGeometry.m in Sources */,
				2D5FB3441A67CCEB0041020C /* Schaltstelle.swift in Sources */,
				2D1ED1851B8344BD0004AAFA /* CidsOperations.swift in Sources */,
				2D5FB2D21A67C7320041020C /* belis_app.xcdatamodeld in Sources */,
				2D46EEF31BF4A771004E3D9E /* LeuchteActionForms.swift in Sources */,
				2D5FB32C1A67CCA60041020C /* WKTPoint.m in Sources */,
				2D82A5CB1BFC7FF8000B29A7 /* ObjectAction.swift in Sources */,
				2D9952231AA5FFC600B5E02E /* DokumentPreviewVC.swift in Sources */,
				2D5FB30E1A67CC340041020C /* MainViewController.swift in Sources */,
				2D5FB3431A67CCEB0041020C /* Mauerlasche.swift in Sources */,
				2D5FB33F1A67CCEB0041020C /* BaseEntity.swift in Sources */,
				2D3DC35A1A94E2C60035575A /* DMSUrl.swift in Sources */,
				2D5FB3101A67CC340041020C /* TableViewCell.swift in Sources */,
				2D6867501B02397900B0C2EE /* BaseEntityAction.swift in Sources */,
				2D5FB3281A67CCA60041020C /* WKTGeometryCollection.m in Sources */,
				2D1093D11DD9CB5700A7888B /* BelisImageFolderAndTools.swift in Sources */,
				2D82A5CF1BFCB92F000B29A7 /* OtherActionForms.swift in Sources */,
				2D5FB32D1A67CCA60041020C /* WKTPointM.m in Sources */,
				2D46EEF11BF4A75F004E3D9E /* MastActionForms.swift in Sources */,
				2D939DDB1A6905D500FB2AFB /* CidsConnector.swift in Sources */,
				2D1ED1871B8344C80004AAFA /* CidsSessionFactory.swift in Sources */,
				2D939DEF1A690A6300FB2AFB /* CidsUtilityClasses.swift in Sources */,
				2D5FB30F1A67CC340041020C /* SelectionPopoverViewController.swift in Sources */,
				2D3DC3611A94F65E0035575A /* SwiftTools.swift in Sources */,
			);
			runOnlyForDeploymentPostprocessing = 0;
		};
		2D5FB2DD1A67C7320041020C /* Sources */ = {
			isa = PBXSourcesBuildPhase;
			buildActionMask = 2147483647;
			files = (
				2D3B86001DD4BFAD0005BFE5 /* FirstOwnTest.swift in Sources */,
				2DB6E8C31A9CA4DB00D4EA4E /* Glyphs.swift in Sources */,
				2D5FB2E81A67C7320041020C /* belis_appTests.swift in Sources */,
			);
			runOnlyForDeploymentPostprocessing = 0;
		};
/* End PBXSourcesBuildPhase section */

/* Begin PBXTargetDependency section */
		2D5FB2E31A67C7320041020C /* PBXTargetDependency */ = {
			isa = PBXTargetDependency;
			target = 2D5FB2C81A67C7320041020C /* belis-app */;
			targetProxy = 2D5FB2E21A67C7320041020C /* PBXContainerItemProxy */;
		};
/* End PBXTargetDependency section */

/* Begin XCBuildConfiguration section */
		2D5FB2E91A67C7320041020C /* Debug */ = {
			isa = XCBuildConfiguration;
			buildSettings = {
				ALWAYS_SEARCH_USER_PATHS = NO;
				CLANG_CXX_LANGUAGE_STANDARD = "gnu++0x";
				CLANG_CXX_LIBRARY = "libc++";
				CLANG_ENABLE_MODULES = YES;
				CLANG_ENABLE_OBJC_ARC = YES;
				CLANG_WARN_BOOL_CONVERSION = YES;
				CLANG_WARN_CONSTANT_CONVERSION = YES;
				CLANG_WARN_DIRECT_OBJC_ISA_USAGE = YES_ERROR;
				CLANG_WARN_EMPTY_BODY = YES;
				CLANG_WARN_ENUM_CONVERSION = YES;
				CLANG_WARN_INFINITE_RECURSION = YES;
				CLANG_WARN_INT_CONVERSION = YES;
				CLANG_WARN_OBJC_ROOT_CLASS = YES_ERROR;
				CLANG_WARN_SUSPICIOUS_MOVE = YES;
				CLANG_WARN_UNREACHABLE_CODE = YES;
				CLANG_WARN__DUPLICATE_METHOD_MATCH = YES;
				"CODE_SIGN_IDENTITY[sdk=iphoneos*]" = "iPhone Developer";
				COPY_PHASE_STRIP = NO;
				ENABLE_STRICT_OBJC_MSGSEND = YES;
				ENABLE_TESTABILITY = YES;
				GCC_C_LANGUAGE_STANDARD = gnu99;
				GCC_DYNAMIC_NO_PIC = NO;
				GCC_NO_COMMON_BLOCKS = YES;
				GCC_OPTIMIZATION_LEVEL = 0;
				GCC_PREPROCESSOR_DEFINITIONS = (
					"DEBUG=1",
					"$(inherited)",
				);
				GCC_SYMBOLS_PRIVATE_EXTERN = NO;
				GCC_WARN_64_TO_32_BIT_CONVERSION = YES;
				GCC_WARN_ABOUT_RETURN_TYPE = YES_ERROR;
				GCC_WARN_UNDECLARED_SELECTOR = YES;
				GCC_WARN_UNINITIALIZED_AUTOS = YES_AGGRESSIVE;
				GCC_WARN_UNUSED_FUNCTION = YES;
				GCC_WARN_UNUSED_VARIABLE = YES;
				IPHONEOS_DEPLOYMENT_TARGET = 10.0;
				MTL_ENABLE_DEBUG_INFO = YES;
				ONLY_ACTIVE_ARCH = YES;
				OTHER_CFLAGS = "";
				SDKROOT = iphoneos;
				SWIFT_OPTIMIZATION_LEVEL = "-Onone";
				TARGETED_DEVICE_FAMILY = "1,2";
			};
			name = Debug;
		};
		2D5FB2EA1A67C7320041020C /* Release */ = {
			isa = XCBuildConfiguration;
			buildSettings = {
				ALWAYS_SEARCH_USER_PATHS = NO;
				CLANG_CXX_LANGUAGE_STANDARD = "gnu++0x";
				CLANG_CXX_LIBRARY = "libc++";
				CLANG_ENABLE_MODULES = YES;
				CLANG_ENABLE_OBJC_ARC = YES;
				CLANG_WARN_BOOL_CONVERSION = YES;
				CLANG_WARN_CONSTANT_CONVERSION = YES;
				CLANG_WARN_DIRECT_OBJC_ISA_USAGE = YES_ERROR;
				CLANG_WARN_EMPTY_BODY = YES;
				CLANG_WARN_ENUM_CONVERSION = YES;
				CLANG_WARN_INFINITE_RECURSION = YES;
				CLANG_WARN_INT_CONVERSION = YES;
				CLANG_WARN_OBJC_ROOT_CLASS = YES_ERROR;
				CLANG_WARN_SUSPICIOUS_MOVE = YES;
				CLANG_WARN_UNREACHABLE_CODE = YES;
				CLANG_WARN__DUPLICATE_METHOD_MATCH = YES;
				"CODE_SIGN_IDENTITY[sdk=iphoneos*]" = "iPhone Developer";
				COPY_PHASE_STRIP = YES;
				ENABLE_NS_ASSERTIONS = NO;
				ENABLE_STRICT_OBJC_MSGSEND = YES;
				GCC_C_LANGUAGE_STANDARD = gnu99;
				GCC_NO_COMMON_BLOCKS = YES;
				GCC_WARN_64_TO_32_BIT_CONVERSION = YES;
				GCC_WARN_ABOUT_RETURN_TYPE = YES_ERROR;
				GCC_WARN_UNDECLARED_SELECTOR = YES;
				GCC_WARN_UNINITIALIZED_AUTOS = YES_AGGRESSIVE;
				GCC_WARN_UNUSED_FUNCTION = YES;
				GCC_WARN_UNUSED_VARIABLE = YES;
				IPHONEOS_DEPLOYMENT_TARGET = 10.0;
				MTL_ENABLE_DEBUG_INFO = NO;
				OTHER_CFLAGS = "";
				SDKROOT = iphoneos;
				SWIFT_OPTIMIZATION_LEVEL = "-Owholemodule";
				TARGETED_DEVICE_FAMILY = "1,2";
				VALIDATE_PRODUCT = YES;
			};
			name = Release;
		};
		2D5FB2EC1A67C7320041020C /* Debug */ = {
			isa = XCBuildConfiguration;
			baseConfigurationReference = CC43B2DA250D2AE52FBA0878 /* Pods-belis-app.debug.xcconfig */;
			buildSettings = {
				ALWAYS_EMBED_SWIFT_STANDARD_LIBRARIES = "$(inherited)";
				ASSETCATALOG_COMPILER_APPICON_NAME = AppIcon;
				CLANG_ENABLE_MODULES = YES;
				CODE_SIGN_IDENTITY = "iPhone Developer";
				"CODE_SIGN_IDENTITY[sdk=iphoneos*]" = "iPhone Developer";
				INFOPLIST_FILE = "belis-app/Info.plist";
				IPHONEOS_DEPLOYMENT_TARGET = 10.0;
				LD_RUNPATH_SEARCH_PATHS = "$(inherited) @executable_path/Frameworks";
				PRODUCT_BUNDLE_IDENTIFIER = "de.cismet.cids.belis.mobile.$(PRODUCT_NAME:rfc1034identifier)";
				PRODUCT_NAME = "$(TARGET_NAME)";
				PROVISIONING_PROFILE = "";
				SWIFT_OBJC_BRIDGING_HEADER = "belis-app/belis-app-Bridging-Header.h";
				SWIFT_OPTIMIZATION_LEVEL = "-Onone";
				SWIFT_VERSION = 3.0;
				TARGETED_DEVICE_FAMILY = 2;
			};
			name = Debug;
		};
		2D5FB2ED1A67C7320041020C /* Release */ = {
			isa = XCBuildConfiguration;
			baseConfigurationReference = 2B1FF2F33D483D6A8568016C /* Pods-belis-app.release.xcconfig */;
			buildSettings = {
				ALWAYS_EMBED_SWIFT_STANDARD_LIBRARIES = "$(inherited)";
				ASSETCATALOG_COMPILER_APPICON_NAME = AppIcon;
				CLANG_ENABLE_MODULES = YES;
				CODE_SIGN_IDENTITY = "iPhone Developer";
				"CODE_SIGN_IDENTITY[sdk=iphoneos*]" = "iPhone Developer";
				INFOPLIST_FILE = "belis-app/Info.plist";
				IPHONEOS_DEPLOYMENT_TARGET = 10.0;
				LD_RUNPATH_SEARCH_PATHS = "$(inherited) @executable_path/Frameworks";
				PRODUCT_BUNDLE_IDENTIFIER = "de.cismet.cids.belis.mobile.$(PRODUCT_NAME:rfc1034identifier)";
				PRODUCT_NAME = "$(TARGET_NAME)";
				PROVISIONING_PROFILE = "";
				SWIFT_OBJC_BRIDGING_HEADER = "belis-app/belis-app-Bridging-Header.h";
				SWIFT_OPTIMIZATION_LEVEL = "-Owholemodule";
				SWIFT_VERSION = 3.0;
				TARGETED_DEVICE_FAMILY = 2;
			};
			name = Release;
		};
		2D5FB2EF1A67C7320041020C /* Debug */ = {
			isa = XCBuildConfiguration;
			baseConfigurationReference = 6280188207E2CA77D963D92F /* Pods-belis-appTests.debug.xcconfig */;
			buildSettings = {
				ALWAYS_EMBED_SWIFT_STANDARD_LIBRARIES = "$(inherited)";
				BUNDLE_LOADER = "$(TEST_HOST)";
				GCC_PREPROCESSOR_DEFINITIONS = (
					"DEBUG=1",
					"$(inherited)",
				);
				INFOPLIST_FILE = "belis-appTests/Info.plist";
				LD_RUNPATH_SEARCH_PATHS = "$(inherited) @executable_path/Frameworks @loader_path/Frameworks";
				PRODUCT_BUNDLE_IDENTIFIER = "de.cismet.cids.belis.mobile.$(PRODUCT_NAME:rfc1034identifier)";
				PRODUCT_NAME = "$(TARGET_NAME)";
				SWIFT_VERSION = 3.0;
				TEST_HOST = "$(BUILT_PRODUCTS_DIR)/belis-app.app/belis-app";
			};
			name = Debug;
		};
		2D5FB2F01A67C7320041020C /* Release */ = {
			isa = XCBuildConfiguration;
			baseConfigurationReference = 41062A34B2E8623112BDCCAF /* Pods-belis-appTests.release.xcconfig */;
			buildSettings = {
				ALWAYS_EMBED_SWIFT_STANDARD_LIBRARIES = "$(inherited)";
				BUNDLE_LOADER = "$(TEST_HOST)";
				INFOPLIST_FILE = "belis-appTests/Info.plist";
				LD_RUNPATH_SEARCH_PATHS = "$(inherited) @executable_path/Frameworks @loader_path/Frameworks";
				PRODUCT_BUNDLE_IDENTIFIER = "de.cismet.cids.belis.mobile.$(PRODUCT_NAME:rfc1034identifier)";
				PRODUCT_NAME = "$(TARGET_NAME)";
				SWIFT_VERSION = 3.0;
				TEST_HOST = "$(BUILT_PRODUCTS_DIR)/belis-app.app/belis-app";
			};
			name = Release;
		};
/* End XCBuildConfiguration section */

/* Begin XCConfigurationList section */
		2D5FB2C41A67C7320041020C /* Build configuration list for PBXProject "belis-app" */ = {
			isa = XCConfigurationList;
			buildConfigurations = (
				2D5FB2E91A67C7320041020C /* Debug */,
				2D5FB2EA1A67C7320041020C /* Release */,
			);
			defaultConfigurationIsVisible = 0;
			defaultConfigurationName = Release;
		};
		2D5FB2EB1A67C7320041020C /* Build configuration list for PBXNativeTarget "belis-app" */ = {
			isa = XCConfigurationList;
			buildConfigurations = (
				2D5FB2EC1A67C7320041020C /* Debug */,
				2D5FB2ED1A67C7320041020C /* Release */,
			);
			defaultConfigurationIsVisible = 0;
			defaultConfigurationName = Release;
		};
		2D5FB2EE1A67C7320041020C /* Build configuration list for PBXNativeTarget "belis-appTests" */ = {
			isa = XCConfigurationList;
			buildConfigurations = (
				2D5FB2EF1A67C7320041020C /* Debug */,
				2D5FB2F01A67C7320041020C /* Release */,
			);
			defaultConfigurationIsVisible = 0;
			defaultConfigurationName = Release;
		};
/* End XCConfigurationList section */

/* Begin XCVersionGroup section */
		2D5FB2D01A67C7320041020C /* belis_app.xcdatamodeld */ = {
			isa = XCVersionGroup;
			children = (
				2D5FB2D11A67C7320041020C /* belis_app.xcdatamodel */,
			);
			currentVersion = 2D5FB2D11A67C7320041020C /* belis_app.xcdatamodel */;
			path = belis_app.xcdatamodeld;
			sourceTree = "<group>";
			versionGroupType = wrapper.xcdatamodel;
		};
/* End XCVersionGroup section */
	};
	rootObject = 2D5FB2C11A67C7320041020C /* Project object */;
}
